
Microsoft Visual Studio Solution File, Format Version 12.00
# Visual Studio Version 16
VisualStudioVersion = 16.0.30011.22
MinimumVisualStudioVersion = 10.0.40219.1
Project("{FAE04EC0-301F-11D3-BF4B-00C04F79EFBC}") = "VPKSoft.SpellCheck.ExternalDictionarySource", "VPKSoft.SpellCheck.ExternalDictionarySource\VPKSoft.SpellCheck.ExternalDictionarySource.csproj", "{11881773-CA29-4242-B1E1-6CE26A47164F}"
EndProject
Global
	GlobalSection(SolutionConfigurationPlatforms) = preSolution
		Debug|Any CPU = Debug|Any CPU
		Release|Any CPU = Release|Any CPU
	EndGlobalSection
	GlobalSection(ProjectConfigurationPlatforms) = postSolution
		{11881773-CA29-4242-B1E1-6CE26A47164F}.Debug|Any CPU.ActiveCfg = Debug|Any CPU
		{11881773-CA29-4242-B1E1-6CE26A47164F}.Debug|Any CPU.Build.0 = Debug|Any CPU
		{11881773-CA29-4242-B1E1-6CE26A47164F}.Release|Any CPU.ActiveCfg = Release|Any CPU
		{11881773-CA29-4242-B1E1-6CE26A47164F}.Release|Any CPU.Build.0 = Release|Any CPU
	EndGlobalSection
	GlobalSection(SolutionProperties) = preSolution
		HideSolutionNode = FALSE
	EndGlobalSection
	GlobalSection(ExtensibilityGlobals) = postSolution
		SolutionGuid = {2B13B148-694C-4E1F-8AB6-A84058B41F23}
	EndGlobalSection
EndGlobal
